
Microsoft Visual Studio Solution File, Format Version 12.00
# Visual Studio Version 16
VisualStudioVersion = 16.0.30114.105
MinimumVisualStudioVersion = 10.0.40219.1
Project("{FAE04EC0-301F-11D3-BF4B-00C04F79EFBC}") = "InsertionSort", "InsertionSort\InsertionSort.csproj", "{45E78580-36DA-41B6-8D72-7B5A9A1002CA}"
EndProject
Global
	GlobalSection(SolutionConfigurationPlatforms) = preSolution
		Debug|Any CPU = Debug|Any CPU
		Release|Any CPU = Release|Any CPU
	EndGlobalSection
	GlobalSection(ProjectConfigurationPlatforms) = postSolution
		{45E78580-36DA-41B6-8D72-7B5A9A1002CA}.Debug|Any CPU.ActiveCfg = Debug|Any CPU
		{45E78580-36DA-41B6-8D72-7B5A9A1002CA}.Debug|Any CPU.Build.0 = Debug|Any CPU
		{45E78580-36DA-41B6-8D72-7B5A9A1002CA}.Release|Any CPU.ActiveCfg = Release|Any CPU
		{45E78580-36DA-41B6-8D72-7B5A9A1002CA}.Release|Any CPU.Build.0 = Release|Any CPU
	EndGlobalSection
	GlobalSection(SolutionProperties) = preSolution
		HideSolutionNode = FALSE
	EndGlobalSection
	GlobalSection(ExtensibilityGlobals) = postSolution
		SolutionGuid = {42DAE148-67FC-4C71-9190-E69875924DF4}
	EndGlobalSection
EndGlobal
